// !$*UTF8*$!
{
	archiveVersion = 1;
	classes = {
	};
	objectVersion = 46;
	objects = {

/* Begin PBXBuildFile section */
		5538B52D1344F0A1004930DD /* test.tsv in Resources */ = {isa = PBXBuildFile; fileRef = 5538B52C1344F0A1004930DD /* test.tsv */; };
		557FCEB61203F938009FCDBA /* CoreServices.framework in Frameworks */ = {isa = PBXBuildFile; fileRef = 557FCEB51203F938009FCDBA /* CoreServices.framework */; };
		557FD05D1204A731009FCDBA /* UnitTests.m in Sources */ = {isa = PBXBuildFile; fileRef = 557FD05B1204A72B009FCDBA /* UnitTests.m */; };
		557FD05E1204A736009FCDBA /* Test.csv in Resources */ = {isa = PBXBuildFile; fileRef = 551981EE1203800300FBE033 /* Test.csv */; };
		55B99321160E376100D6548A /* CHCSVParser.m in Sources */ = {isa = PBXBuildFile; fileRef = 55B99320160E376100D6548A /* CHCSVParser.m */; };
		55F79EE01682D6B60095E9D5 /* CHCSVParser.m in Sources */ = {isa = PBXBuildFile; fileRef = 55B99320160E376100D6548A /* CHCSVParser.m */; };
		8DD76F9A0486AA7600D96B5E /* main.m in Sources */ = {isa = PBXBuildFile; fileRef = 08FB7796FE84155DC02AAC07 /* main.m */; settings = {ATTRIBUTES = (); }; };
		8DD76F9C0486AA7600D96B5E /* Foundation.framework in Frameworks */ = {isa = PBXBuildFile; fileRef = 08FB779EFE84155DC02AAC07 /* Foundation.framework */; };
		8DD76F9F0486AA7600D96B5E /* CHCSVParser.1 in CopyFiles */ = {isa = PBXBuildFile; fileRef = C6859EA3029092ED04C91782 /* CHCSVParser.1 */; };
/* End PBXBuildFile section */

/* Begin PBXCopyFilesBuildPhase section */
		8DD76F9E0486AA7600D96B5E /* CopyFiles */ = {
			isa = PBXCopyFilesBuildPhase;
			buildActionMask = 8;
			dstPath = /usr/share/man/man1/;
			dstSubfolderSpec = 0;
			files = (
				8DD76F9F0486AA7600D96B5E /* CHCSVParser.1 in CopyFiles */,
			);
			runOnlyForDeploymentPostprocessing = 1;
		};
/* End PBXCopyFilesBuildPhase section */

/* Begin PBXFileReference section */
		08FB7796FE84155DC02AAC07 /* main.m */ = {isa = PBXFileReference; fileEncoding = 4; lastKnownFileType = sourcecode.c.objc; path = main.m; sourceTree = "<group>"; };
		08FB779EFE84155DC02AAC07 /* Foundation.framework */ = {isa = PBXFileReference; lastKnownFileType = wrapper.framework; name = Foundation.framework; path = /System/Library/Frameworks/Foundation.framework; sourceTree = "<absolute>"; };
		32A70AAB03705E1F00C91783 /* CHCSVParser_Prefix.pch */ = {isa = PBXFileReference; fileEncoding = 4; lastKnownFileType = sourcecode.c.h; path = CHCSVParser_Prefix.pch; sourceTree = "<group>"; };
		551981EE1203800300FBE033 /* Test.csv */ = {isa = PBXFileReference; fileEncoding = 4; lastKnownFileType = text; path = Test.csv; sourceTree = "<group>"; };
		5538B52C1344F0A1004930DD /* test.tsv */ = {isa = PBXFileReference; fileEncoding = 4; lastKnownFileType = text; path = test.tsv; sourceTree = "<group>"; };
		557FCEB51203F938009FCDBA /* CoreServices.framework */ = {isa = PBXFileReference; lastKnownFileType = wrapper.framework; name = CoreServices.framework; path = System/Library/Frameworks/CoreServices.framework; sourceTree = SDKROOT; };
		557FD0531204A70D009FCDBA /* Unit Tests.octest */ = {isa = PBXFileReference; explicitFileType = wrapper.cfbundle; includeInIndex = 0; path = "Unit Tests.octest"; sourceTree = BUILT_PRODUCTS_DIR; };
		557FD0541204A70D009FCDBA /* Unit Tests-Info.plist */ = {isa = PBXFileReference; lastKnownFileType = text.plist.xml; path = "Unit Tests-Info.plist"; sourceTree = "<group>"; };
		557FD05A1204A72B009FCDBA /* UnitTests.h */ = {isa = PBXFileReference; fileEncoding = 4; lastKnownFileType = sourcecode.c.h; path = UnitTests.h; sourceTree = "<group>"; };
		557FD05B1204A72B009FCDBA /* UnitTests.m */ = {isa = PBXFileReference; fileEncoding = 4; lastKnownFileType = sourcecode.c.objc; path = UnitTests.m; sourceTree = "<group>"; };
		55A2E0FC16F01D5700885DD3 /* Test.scsv */ = {isa = PBXFileReference; fileEncoding = 4; lastKnownFileType = text; path = Test.scsv; sourceTree = "<group>"; };
		55B9931F160E376100D6548A /* CHCSVParser.h */ = {isa = PBXFileReference; fileEncoding = 4; lastKnownFileType = sourcecode.c.h; name = CHCSVParser.h; path = CHCSVParser/CHCSVParser.h; sourceTree = "<group>"; };
		55B99320160E376100D6548A /* CHCSVParser.m */ = {isa = PBXFileReference; fileEncoding = 4; lastKnownFileType = sourcecode.c.objc; name = CHCSVParser.m; path = CHCSVParser/CHCSVParser.m; sourceTree = "<group>"; };
		8DD76FA10486AA7600D96B5E /* CHCSVParser */ = {isa = PBXFileReference; explicitFileType = "compiled.mach-o.executable"; includeInIndex = 0; path = CHCSVParser; sourceTree = BUILT_PRODUCTS_DIR; };
		C6859EA3029092ED04C91782 /* CHCSVParser.1 */ = {isa = PBXFileReference; lastKnownFileType = text.man; path = CHCSVParser.1; sourceTree = "<group>"; };
/* End PBXFileReference section */

/* Begin PBXFrameworksBuildPhase section */
		557FD0501204A70D009FCDBA /* Frameworks */ = {
			isa = PBXFrameworksBuildPhase;
			buildActionMask = 2147483647;
			files = (
			);
			runOnlyForDeploymentPostprocessing = 0;
		};
		8DD76F9B0486AA7600D96B5E /* Frameworks */ = {
			isa = PBXFrameworksBuildPhase;
			buildActionMask = 2147483647;
			files = (
				8DD76F9C0486AA7600D96B5E /* Foundation.framework in Frameworks */,
				557FCEB61203F938009FCDBA /* CoreServices.framework in Frameworks */,
			);
			runOnlyForDeploymentPostprocessing = 0;
		};
/* End PBXFrameworksBuildPhase section */

/* Begin PBXGroup section */
		08FB7794FE84155DC02AAC07 /* CHCSVParser */ = {
			isa = PBXGroup;
			children = (
				08FB7795FE84155DC02AAC07 /* Source */,
				C6859EA2029092E104C91782 /* Documentation */,
				08FB779DFE84155DC02AAC07 /* External Frameworks and Libraries */,
				1AB674ADFE9D54B511CA2CBB /* Products */,
				557FCEB51203F938009FCDBA /* CoreServices.framework */,
				557FD0541204A70D009FCDBA /* Unit Tests-Info.plist */,
			);
			name = CHCSVParser;
			sourceTree = "<group>";
		};
		08FB7795FE84155DC02AAC07 /* Source */ = {
			isa = PBXGroup;
			children = (
				32A70AAB03705E1F00C91783 /* CHCSVParser_Prefix.pch */,
				08FB7796FE84155DC02AAC07 /* main.m */,
				5516BCBA12578DA90025F235 /* CHCSVParser */,
				551981EE1203800300FBE033 /* Test.csv */,
				55A2E0FC16F01D5700885DD3 /* Test.scsv */,
				5538B52C1344F0A1004930DD /* test.tsv */,
				557FD05A1204A72B009FCDBA /* UnitTests.h */,
				557FD05B1204A72B009FCDBA /* UnitTests.m */,
			);
			name = Source;
			sourceTree = "<group>";
		};
		08FB779DFE84155DC02AAC07 /* External Frameworks and Libraries */ = {
			isa = PBXGroup;
			children = (
				08FB779EFE84155DC02AAC07 /* Foundation.framework */,
			);
			name = "External Frameworks and Libraries";
			sourceTree = "<group>";
		};
		1AB674ADFE9D54B511CA2CBB /* Products */ = {
			isa = PBXGroup;
			children = (
				8DD76FA10486AA7600D96B5E /* CHCSVParser */,
				557FD0531204A70D009FCDBA /* Unit Tests.octest */,
			);
			name = Products;
			sourceTree = "<group>";
		};
		5516BCBA12578DA90025F235 /* CHCSVParser */ = {
			isa = PBXGroup;
			children = (
				55B9931F160E376100D6548A /* CHCSVParser.h */,
				55B99320160E376100D6548A /* CHCSVParser.m */,
			);
			name = CHCSVParser;
			sourceTree = "<group>";
		};
		C6859EA2029092E104C91782 /* Documentation */ = {
			isa = PBXGroup;
			children = (
				C6859EA3029092ED04C91782 /* CHCSVParser.1 */,
			);
			name = Documentation;
			sourceTree = "<group>";
		};
/* End PBXGroup section */

/* Begin PBXNativeTarget section */
		557FD0521204A70D009FCDBA /* Unit Tests */ = {
			isa = PBXNativeTarget;
			buildConfigurationList = 557FD0571204A70E009FCDBA /* Build configuration list for PBXNativeTarget "Unit Tests" */;
			buildPhases = (
				557FD04E1204A70D009FCDBA /* Resources */,
				557FD04F1204A70D009FCDBA /* Sources */,
				557FD0501204A70D009FCDBA /* Frameworks */,
				557FD0511204A70D009FCDBA /* ShellScript */,
			);
			buildRules = (
			);
			dependencies = (
			);
			name = "Unit Tests";
			productName = "Unit Tests";
			productReference = 557FD0531204A70D009FCDBA /* Unit Tests.octest */;
			productType = "com.apple.product-type.bundle";
		};
		8DD76F960486AA7600D96B5E /* CHCSVParser */ = {
			isa = PBXNativeTarget;
			buildConfigurationList = 1DEB927408733DD40010E9CD /* Build configuration list for PBXNativeTarget "CHCSVParser" */;
			buildPhases = (
				8DD76F990486AA7600D96B5E /* Sources */,
				8DD76F9B0486AA7600D96B5E /* Frameworks */,
				8DD76F9E0486AA7600D96B5E /* CopyFiles */,
			);
			buildRules = (
			);
			dependencies = (
			);
			name = CHCSVParser;
			productInstallPath = "$(HOME)/bin";
			productName = CHCSVParser;
			productReference = 8DD76FA10486AA7600D96B5E /* CHCSVParser */;
			productType = "com.apple.product-type.tool";
		};
/* End PBXNativeTarget section */

/* Begin PBXProject section */
		08FB7793FE84155DC02AAC07 /* Project object */ = {
			isa = PBXProject;
			attributes = {
				LastUpgradeCheck = 0450;
			};
			buildConfigurationList = 1DEB927808733DD40010E9CD /* Build configuration list for PBXProject "CHCSVParser" */;
			compatibilityVersion = "Xcode 3.2";
			developmentRegion = English;
			hasScannedForEncodings = 1;
			knownRegions = (
				English,
				Japanese,
				French,
				German,
			);
			mainGroup = 08FB7794FE84155DC02AAC07 /* CHCSVParser */;
			projectDirPath = "";
			projectRoot = "";
			targets = (
				8DD76F960486AA7600D96B5E /* CHCSVParser */,
				557FD0521204A70D009FCDBA /* Unit Tests */,
			);
		};
/* End PBXProject section */

/* Begin PBXResourcesBuildPhase section */
		557FD04E1204A70D009FCDBA /* Resources */ = {
			isa = PBXResourcesBuildPhase;
			buildActionMask = 2147483647;
			files = (
				557FD05E1204A736009FCDBA /* Test.csv in Resources */,
				5538B52D1344F0A1004930DD /* test.tsv in Resources */,
			);
			runOnlyForDeploymentPostprocessing = 0;
		};
/* End PBXResourcesBuildPhase section */

/* Begin PBXShellScriptBuildPhase section */
		557FD0511204A70D009FCDBA /* ShellScript */ = {
			isa = PBXShellScriptBuildPhase;
			buildActionMask = 2147483647;
			files = (
			);
			inputPaths = (
			);
			outputPaths = (
			);
			runOnlyForDeploymentPostprocessing = 0;
			shellPath = /bin/sh;
			shellScript = "# Run the unit tests in this test bundle.\n\"${SYSTEM_DEVELOPER_DIR}/Tools/RunUnitTests\"\n";
		};
/* End PBXShellScriptBuildPhase section */

/* Begin PBXSourcesBuildPhase section */
		557FD04F1204A70D009FCDBA /* Sources */ = {
			isa = PBXSourcesBuildPhase;
			buildActionMask = 2147483647;
			files = (
				557FD05D1204A731009FCDBA /* UnitTests.m in Sources */,
				55F79EE01682D6B60095E9D5 /* CHCSVParser.m in Sources */,
			);
			runOnlyForDeploymentPostprocessing = 0;
		};
		8DD76F990486AA7600D96B5E /* Sources */ = {
			isa = PBXSourcesBuildPhase;
			buildActionMask = 2147483647;
			files = (
				8DD76F9A0486AA7600D96B5E /* main.m in Sources */,
				55B99321160E376100D6548A /* CHCSVParser.m in Sources */,
			);
			runOnlyForDeploymentPostprocessing = 0;
		};
/* End PBXSourcesBuildPhase section */

/* Begin XCBuildConfiguration section */
		1DEB927508733DD40010E9CD /* Debug */ = {
			isa = XCBuildConfiguration;
			buildSettings = {
				ALWAYS_SEARCH_USER_PATHS = NO;
				COPY_PHASE_STRIP = NO;
				GCC_DYNAMIC_NO_PIC = NO;
				GCC_MODEL_TUNING = G5;
				GCC_OPTIMIZATION_LEVEL = 0;
				GCC_PRECOMPILE_PREFIX_HEADER = YES;
				GCC_PREFIX_HEADER = CHCSVParser_Prefix.pch;
				INSTALL_PATH = /usr/local/bin;
				PRODUCT_NAME = CHCSVParser;
			};
			name = Debug;
		};
		1DEB927608733DD40010E9CD /* Release */ = {
			isa = XCBuildConfiguration;
			buildSettings = {
				ALWAYS_SEARCH_USER_PATHS = NO;
				DEBUG_INFORMATION_FORMAT = "dwarf-with-dsym";
				GCC_MODEL_TUNING = G5;
				GCC_PRECOMPILE_PREFIX_HEADER = YES;
				GCC_PREFIX_HEADER = CHCSVParser_Prefix.pch;
				INSTALL_PATH = /usr/local/bin;
				PRODUCT_NAME = CHCSVParser;
			};
			name = Release;
		};
		1DEB927908733DD40010E9CD /* Debug */ = {
			isa = XCBuildConfiguration;
			buildSettings = {
				ARCHS = "$(ARCHS_STANDARD_32_64_BIT)";
				GCC_C_LANGUAGE_STANDARD = gnu99;
				GCC_OPTIMIZATION_LEVEL = 0;
				GCC_WARN_ABOUT_RETURN_TYPE = YES;
				GCC_WARN_UNUSED_VARIABLE = YES;
				ONLY_ACTIVE_ARCH = YES;
				SDKROOT = macosx;
			};
			name = Debug;
		};
		1DEB927A08733DD40010E9CD /* Release */ = {
			isa = XCBuildConfiguration;
			buildSettings = {
				ARCHS = "$(ARCHS_STANDARD_32_64_BIT)";
				GCC_C_LANGUAGE_STANDARD = gnu99;
				GCC_WARN_ABOUT_RETURN_TYPE = YES;
				GCC_WARN_UNUSED_VARIABLE = YES;
				SDKROOT = macosx;
			};
			name = Release;
		};
		557FD0551204A70E009FCDBA /* Debug */ = {
			isa = XCBuildConfiguration;
			buildSettings = {
				ALWAYS_SEARCH_USER_PATHS = NO;
				COMBINE_HIDPI_IMAGES = YES;
				COPY_PHASE_STRIP = NO;
				FRAMEWORK_SEARCH_PATHS = "$(DEVELOPER_LIBRARY_DIR)/Frameworks";
				GCC_DYNAMIC_NO_PIC = NO;
				GCC_ENABLE_OBJC_EXCEPTIONS = YES;
				GCC_MODEL_TUNING = G5;
				GCC_OPTIMIZATION_LEVEL = 0;
				GCC_PRECOMPILE_PREFIX_HEADER = YES;
				GCC_PREFIX_HEADER = "$(SYSTEM_LIBRARY_DIR)/Frameworks/Cocoa.framework/Headers/Cocoa.h";
				INFOPLIST_FILE = "Unit Tests-Info.plist";
				INSTALL_PATH = "$(USER_LIBRARY_DIR)/Bundles";
				OTHER_LDFLAGS = (
					"-framework",
					Cocoa,
					"-framework",
					SenTestingKit,
				);
				PRODUCT_NAME = "Unit Tests";
				WRAPPER_EXTENSION = octest;
			};
			name = Debug;
		};
		557FD0561204A70E009FCDBA /* Release */ = {
			isa = XCBuildConfiguration;
			buildSettings = {
				ALWAYS_SEARCH_USER_PATHS = NO;
				COMBINE_HIDPI_IMAGES = YES;
				COPY_PHASE_STRIP = YES;
				DEBUG_INFORMATION_FORMAT = "dwarf-with-dsym";
				FRAMEWORK_SEARCH_PATHS = "$(DEVELOPER_LIBRARY_DIR)/Frameworks";
				GCC_ENABLE_OBJC_EXCEPTIONS = YES;
				GCC_MODEL_TUNING = G5;
				GCC_PRECOMPILE_PREFIX_HEADER = YES;
				GCC_PREFIX_HEADER = "$(SYSTEM_LIBRARY_DIR)/Frameworks/Cocoa.framework/Headers/Cocoa.h";
				INFOPLIST_FILE = "Unit Tests-Info.plist";
				INSTALL_PATH = "$(USER_LIBRARY_DIR)/Bundles";
				OTHER_LDFLAGS = (
					"-framework",
					Cocoa,
					"-framework",
					SenTestingKit,
				);
				PRODUCT_NAME = "Unit Tests";
				WRAPPER_EXTENSION = octest;
				ZERO_LINK = NO;
			};
			name = Release;
		};
/* End XCBuildConfiguration section */

/* Begin XCConfigurationList section */
		1DEB927408733DD40010E9CD /* Build configuration list for PBXNativeTarget "CHCSVParser" */ = {
			isa = XCConfigurationList;
			buildConfigurations = (
				1DEB927508733DD40010E9CD /* Debug */,
				1DEB927608733DD40010E9CD /* Release */,
			);
			defaultConfigurationIsVisible = 0;
			defaultConfigurationName = Release;
		};
		1DEB927808733DD40010E9CD /* Build configuration list for PBXProject "CHCSVParser" */ = {
			isa = XCConfigurationList;
			buildConfigurations = (
				1DEB927908733DD40010E9CD /* Debug */,
				1DEB927A08733DD40010E9CD /* Release */,
			);
			defaultConfigurationIsVisible = 0;
			defaultConfigurationName = Release;
		};
		557FD0571204A70E009FCDBA /* Build configuration list for PBXNativeTarget "Unit Tests" */ = {
			isa = XCConfigurationList;
			buildConfigurations = (
				557FD0551204A70E009FCDBA /* Debug */,
				557FD0561204A70E009FCDBA /* Release */,
			);
			defaultConfigurationIsVisible = 0;
			defaultConfigurationName = Release;
		};
/* End XCConfigurationList section */
	};
	rootObject = 08FB7793FE84155DC02AAC07 /* Project object */;
}
